
Microsoft Visual Studio Solution File, Format Version 12.00
# Visual Studio 14
VisualStudioVersion = 14.0.25420.1
MinimumVisualStudioVersion = 10.0.40219.1
Project("{FAE04EC0-301F-11D3-BF4B-00C04F79EFBC}") = "BakaFlightBooking", "BakaFlightBooking\BakaFlightBooking.csproj", "{BBE28E9E-7565-4AE0-9F78-E6D668655FA0}"
EndProject
Project("{FAE04EC0-301F-11D3-BF4B-00C04F79EFBC}") = "DbLibrary", "DbLibrary\DbLibrary.csproj", "{5DD113FE-05DB-44C8-B40D-5247753D809B}"
EndProject
Project("{FAE04EC0-301F-11D3-BF4B-00C04F79EFBC}") = "AdminPanel", "AdminPanel\AdminPanel.csproj", "{6B49BD42-BC98-42C2-9F46-87DE3AEC947D}"
EndProject
Global
	GlobalSection(SolutionConfigurationPlatforms) = preSolution
		Debug|Any CPU = Debug|Any CPU
		Release|Any CPU = Release|Any CPU
	EndGlobalSection
	GlobalSection(ProjectConfigurationPlatforms) = postSolution
		{BBE28E9E-7565-4AE0-9F78-E6D668655FA0}.Debug|Any CPU.ActiveCfg = Debug|Any CPU
		{BBE28E9E-7565-4AE0-9F78-E6D668655FA0}.Debug|Any CPU.Build.0 = Debug|Any CPU
		{BBE28E9E-7565-4AE0-9F78-E6D668655FA0}.Release|Any CPU.ActiveCfg = Release|Any CPU
		{BBE28E9E-7565-4AE0-9F78-E6D668655FA0}.Release|Any CPU.Build.0 = Release|Any CPU
		{5DD113FE-05DB-44C8-B40D-5247753D809B}.Debug|Any CPU.ActiveCfg = Debug|Any CPU
		{5DD113FE-05DB-44C8-B40D-5247753D809B}.Debug|Any CPU.Build.0 = Debug|Any CPU
		{5DD113FE-05DB-44C8-B40D-5247753D809B}.Release|Any CPU.ActiveCfg = Release|Any CPU
		{5DD113FE-05DB-44C8-B40D-5247753D809B}.Release|Any CPU.Build.0 = Release|Any CPU
		{6B49BD42-BC98-42C2-9F46-87DE3AEC947D}.Debug|Any CPU.ActiveCfg = Debug|Any CPU
		{6B49BD42-BC98-42C2-9F46-87DE3AEC947D}.Debug|Any CPU.Build.0 = Debug|Any CPU
		{6B49BD42-BC98-42C2-9F46-87DE3AEC947D}.Release|Any CPU.ActiveCfg = Release|Any CPU
		{6B49BD42-BC98-42C2-9F46-87DE3AEC947D}.Release|Any CPU.Build.0 = Release|Any CPU
	EndGlobalSection
	GlobalSection(SolutionProperties) = preSolution
		HideSolutionNode = FALSE
	EndGlobalSection
EndGlobal
